
Microsoft Visual Studio Solution File, Format Version 12.00
# Visual Studio 15
VisualStudioVersion = 15.0.28307.1321
MinimumVisualStudioVersion = 10.0.40219.1
Project("{FAE04EC0-301F-11D3-BF4B-00C04F79EFBC}") = "Kodlama_IO_Day2", "Kodlama_IO_Day2\Kodlama_IO_Day2.csproj", "{C5A8D974-2B24-48F1-A871-2DE190464ACC}"
EndProject
Project("{FAE04EC0-301F-11D3-BF4B-00C04F79EFBC}") = "Kodlama_IO_Day_Loops", "Kodlama_IO_Day_Loops\Kodlama_IO_Day_Loops.csproj", "{B9D77413-52AA-4DCE-9F98-B2F972070E79}"
EndProject
Project("{FAE04EC0-301F-11D3-BF4B-00C04F79EFBC}") = "Kodlama_IO_Day2_Class", "Kodlama_IO_Day2_Class\Kodlama_IO_Day2_Class.csproj", "{930C1FC7-F26B-458B-A41C-0344439E77D0}"
EndProject
Project("{FAE04EC0-301F-11D3-BF4B-00C04F79EFBC}") = "Homework_Day2_Swith", "Homework_Day2_Swith\Homework_Day2_Swith.csproj", "{78555E0D-89A9-45C5-83BA-195ECF15BD5E}"
EndProject
Project("{FAE04EC0-301F-11D3-BF4B-00C04F79EFBC}") = "Day3_Metods", "Day3_Metods\Day3_Metods.csproj", "{07C4906F-23E8-4244-A935-29F471F2299B}"
EndProject
Project("{FAE04EC0-301F-11D3-BF4B-00C04F79EFBC}") = "Day_3_Metods_Calcs", "Day_3_Metods_Calcs\Day_3_Metods_Calcs.csproj", "{BA78A2DA-5672-48D8-AAB8-A4E5008E50E3}"
EndProject
Project("{FAE04EC0-301F-11D3-BF4B-00C04F79EFBC}") = "Day3_DegerveRefTips", "Day3_DegerveRefTips\Day3_DegerveRefTips.csproj", "{35C7168F-8751-4B4F-AF51-06924180F561}"
EndProject
Project("{FAE04EC0-301F-11D3-BF4B-00C04F79EFBC}") = "Day_4_OOP1", "Day_4_OOP1\Day_4_OOP1.csproj", "{82A95632-0373-4ED9-986C-D718D49A25FC}"
EndProject
Project("{FAE04EC0-301F-11D3-BF4B-00C04F79EFBC}") = "Day_4_Collections", "Day_4_Collections\Day_4_Collections.csproj", "{F2AEE776-6C8B-4EA0-89F6-672284E3F864}"
EndProject
Project("{FAE04EC0-301F-11D3-BF4B-00C04F79EFBC}") = "Day4_GenericsIntro", "Day4_GenericsIntro\Day4_GenericsIntro.csproj", "{B12284BD-3DFF-4FCC-9D18-FBFAF318A6E6}"
EndProject
Global
	GlobalSection(SolutionConfigurationPlatforms) = preSolution
		Debug|Any CPU = Debug|Any CPU
		Release|Any CPU = Release|Any CPU
	EndGlobalSection
	GlobalSection(ProjectConfigurationPlatforms) = postSolution
		{C5A8D974-2B24-48F1-A871-2DE190464ACC}.Debug|Any CPU.ActiveCfg = Debug|Any CPU
		{C5A8D974-2B24-48F1-A871-2DE190464ACC}.Debug|Any CPU.Build.0 = Debug|Any CPU
		{C5A8D974-2B24-48F1-A871-2DE190464ACC}.Release|Any CPU.ActiveCfg = Release|Any CPU
		{C5A8D974-2B24-48F1-A871-2DE190464ACC}.Release|Any CPU.Build.0 = Release|Any CPU
		{B9D77413-52AA-4DCE-9F98-B2F972070E79}.Debug|Any CPU.ActiveCfg = Debug|Any CPU
		{B9D77413-52AA-4DCE-9F98-B2F972070E79}.Debug|Any CPU.Build.0 = Debug|Any CPU
		{B9D77413-52AA-4DCE-9F98-B2F972070E79}.Release|Any CPU.ActiveCfg = Release|Any CPU
		{B9D77413-52AA-4DCE-9F98-B2F972070E79}.Release|Any CPU.Build.0 = Release|Any CPU
		{930C1FC7-F26B-458B-A41C-0344439E77D0}.Debug|Any CPU.ActiveCfg = Debug|Any CPU
		{930C1FC7-F26B-458B-A41C-0344439E77D0}.Debug|Any CPU.Build.0 = Debug|Any CPU
		{930C1FC7-F26B-458B-A41C-0344439E77D0}.Release|Any CPU.ActiveCfg = Release|Any CPU
		{930C1FC7-F26B-458B-A41C-0344439E77D0}.Release|Any CPU.Build.0 = Release|Any CPU
		{78555E0D-89A9-45C5-83BA-195ECF15BD5E}.Debug|Any CPU.ActiveCfg = Debug|Any CPU
		{78555E0D-89A9-45C5-83BA-195ECF15BD5E}.Debug|Any CPU.Build.0 = Debug|Any CPU
		{78555E0D-89A9-45C5-83BA-195ECF15BD5E}.Release|Any CPU.ActiveCfg = Release|Any CPU
		{78555E0D-89A9-45C5-83BA-195ECF15BD5E}.Release|Any CPU.Build.0 = Release|Any CPU
		{07C4906F-23E8-4244-A935-29F471F2299B}.Debug|Any CPU.ActiveCfg = Debug|Any CPU
		{07C4906F-23E8-4244-A935-29F471F2299B}.Debug|Any CPU.Build.0 = Debug|Any CPU
		{07C4906F-23E8-4244-A935-29F471F2299B}.Release|Any CPU.ActiveCfg = Release|Any CPU
		{07C4906F-23E8-4244-A935-29F471F2299B}.Release|Any CPU.Build.0 = Release|Any CPU
		{BA78A2DA-5672-48D8-AAB8-A4E5008E50E3}.Debug|Any CPU.ActiveCfg = Debug|Any CPU
		{BA78A2DA-5672-48D8-AAB8-A4E5008E50E3}.Debug|Any CPU.Build.0 = Debug|Any CPU
		{BA78A2DA-5672-48D8-AAB8-A4E5008E50E3}.Release|Any CPU.ActiveCfg = Release|Any CPU
		{BA78A2DA-5672-48D8-AAB8-A4E5008E50E3}.Release|Any CPU.Build.0 = Release|Any CPU
		{35C7168F-8751-4B4F-AF51-06924180F561}.Debug|Any CPU.ActiveCfg = Debug|Any CPU
		{35C7168F-8751-4B4F-AF51-06924180F561}.Debug|Any CPU.Build.0 = Debug|Any CPU
		{35C7168F-8751-4B4F-AF51-06924180F561}.Release|Any CPU.ActiveCfg = Release|Any CPU
		{35C7168F-8751-4B4F-AF51-06924180F561}.Release|Any CPU.Build.0 = Release|Any CPU
		{82A95632-0373-4ED9-986C-D718D49A25FC}.Debug|Any CPU.ActiveCfg = Debug|Any CPU
		{82A95632-0373-4ED9-986C-D718D49A25FC}.Debug|Any CPU.Build.0 = Debug|Any CPU
		{82A95632-0373-4ED9-986C-D718D49A25FC}.Release|Any CPU.ActiveCfg = Release|Any CPU
		{82A95632-0373-4ED9-986C-D718D49A25FC}.Release|Any CPU.Build.0 = Release|Any CPU
		{F2AEE776-6C8B-4EA0-89F6-672284E3F864}.Debug|Any CPU.ActiveCfg = Debug|Any CPU
		{F2AEE776-6C8B-4EA0-89F6-672284E3F864}.Debug|Any CPU.Build.0 = Debug|Any CPU
		{F2AEE776-6C8B-4EA0-89F6-672284E3F864}.Release|Any CPU.ActiveCfg = Release|Any CPU
		{F2AEE776-6C8B-4EA0-89F6-672284E3F864}.Release|Any CPU.Build.0 = Release|Any CPU
		{B12284BD-3DFF-4FCC-9D18-FBFAF318A6E6}.Debug|Any CPU.ActiveCfg = Debug|Any CPU
		{B12284BD-3DFF-4FCC-9D18-FBFAF318A6E6}.Debug|Any CPU.Build.0 = Debug|Any CPU
		{B12284BD-3DFF-4FCC-9D18-FBFAF318A6E6}.Release|Any CPU.ActiveCfg = Release|Any CPU
		{B12284BD-3DFF-4FCC-9D18-FBFAF318A6E6}.Release|Any CPU.Build.0 = Release|Any CPU
	EndGlobalSection
	GlobalSection(SolutionProperties) = preSolution
		HideSolutionNode = FALSE
	EndGlobalSection
	GlobalSection(ExtensibilityGlobals) = postSolution
		SolutionGuid = {0C72DFBD-EB33-4A6C-8DEB-6AEB67D43C5D}
	EndGlobalSection
EndGlobal
